
Microsoft Visual Studio Solution File, Format Version 12.00
# Visual Studio Version 17
VisualStudioVersion = 17.0.31903.59
MinimumVisualStudioVersion = 10.0.40219.1
Project("{2150E333-8FDC-42A3-9474-1A3956D46DE8}") = "tools", "tools", "{B535501A-CBBA-4DF0-9EAE-1B3DE268481F}"
EndProject
Project("{FAE04EC0-301F-11D3-BF4B-00C04F79EFBC}") = "AtG.Patch.Core", "tools\AtG.Patch.Core\AtG.Patch.Core.csproj", "{9E65080F-92A0-4C47-A93B-A11B3EB41C7F}"
EndProject
Project("{FAE04EC0-301F-11D3-BF4B-00C04F79EFBC}") = "AtG.Patch.Tests", "tools\AtG.Patch.Tests\AtG.Patch.Tests.csproj", "{53C914F5-17AE-487D-B5D2-D56BC7B1D444}"
EndProject
Project("{FAE04EC0-301F-11D3-BF4B-00C04F79EFBC}") = "AtG.IlRewrite", "tools\AtG.IlRewrite\AtG.IlRewrite.csproj", "{EF09F54D-E5CF-432F-A13A-1C479E0A3225}"
EndProject
Project("{FAE04EC0-301F-11D3-BF4B-00C04F79EFBC}") = "AtG.ManagedRewrite", "tools\AtG.ManagedRewrite\AtG.ManagedRewrite.csproj", "{36BB9964-A0BE-488E-AD5F-07949988D095}"
EndProject
Project("{FAE04EC0-301F-11D3-BF4B-00C04F79EFBC}") = "AtG.Patch.Cli", "tools\AtG.Patch.Cli\AtG.Patch.Cli.csproj", "{89C35D49-1A5F-4B53-B6E4-7178A3237CE4}"
EndProject
Project("{FAE04EC0-301F-11D3-BF4B-00C04F79EFBC}") = "AtG.Catalog", "tools\AtG.Catalog\AtG.Catalog.csproj", "{668446EB-1FA7-41F7-BFFD-8AD8F626FFA3}"
EndProject
Project("{FAE04EC0-301F-11D3-BF4B-00C04F79EFBC}") = "AtG.Catalog.Tests", "tools\AtG.Catalog.Tests\AtG.Catalog.Tests.csproj", "{22EF610D-DA1A-4CDF-8EED-FE75B6DD3F06}"
EndProject
Project("{FAE04EC0-301F-11D3-BF4B-00C04F79EFBC}") = "AtG.TestHarness", "tools\AtG.TestHarness\AtG.TestHarness.csproj", "{5466D660-4C9C-4628-BCAC-EC6100330A72}"
EndProject
Project("{FAE04EC0-301F-11D3-BF4B-00C04F79EFBC}") = "AtG.TestHarness.Tests", "tools\AtG.TestHarness.Tests\AtG.TestHarness.Tests.csproj", "{96684B33-B0B6-4DA7-9035-D65D5377424A}"
EndProject
Project("{FAE04EC0-301F-11D3-BF4B-00C04F79EFBC}") = "AtG.RuntimeText", "tools\AtG.RuntimeText\AtG.RuntimeText.csproj", "{08C31522-A3DD-4E31-B83E-6326EEAFD163}"
EndProject
Project("{FAE04EC0-301F-11D3-BF4B-00C04F79EFBC}") = "AtG.RuntimeText.Tests", "tools\AtG.RuntimeText.Tests\AtG.RuntimeText.Tests.csproj", "{5A2AD1AB-C78B-402B-A271-7F15D1B9C3A7}"
EndProject
Global
	GlobalSection(SolutionConfigurationPlatforms) = preSolution
		Debug|Any CPU = Debug|Any CPU
		Release|Any CPU = Release|Any CPU
	EndGlobalSection
	GlobalSection(SolutionProperties) = preSolution
		HideSolutionNode = FALSE
	EndGlobalSection
	GlobalSection(ProjectConfigurationPlatforms) = postSolution
		{9E65080F-92A0-4C47-A93B-A11B3EB41C7F}.Debug|Any CPU.ActiveCfg = Debug|Any CPU
		{9E65080F-92A0-4C47-A93B-A11B3EB41C7F}.Debug|Any CPU.Build.0 = Debug|Any CPU
		{9E65080F-92A0-4C47-A93B-A11B3EB41C7F}.Release|Any CPU.ActiveCfg = Release|Any CPU
		{9E65080F-92A0-4C47-A93B-A11B3EB41C7F}.Release|Any CPU.Build.0 = Release|Any CPU
		{53C914F5-17AE-487D-B5D2-D56BC7B1D444}.Debug|Any CPU.ActiveCfg = Debug|Any CPU
		{53C914F5-17AE-487D-B5D2-D56BC7B1D444}.Debug|Any CPU.Build.0 = Debug|Any CPU
		{53C914F5-17AE-487D-B5D2-D56BC7B1D444}.Release|Any CPU.ActiveCfg = Release|Any CPU
		{53C914F5-17AE-487D-B5D2-D56BC7B1D444}.Release|Any CPU.Build.0 = Release|Any CPU
		{EF09F54D-E5CF-432F-A13A-1C479E0A3225}.Debug|Any CPU.ActiveCfg = Debug|Any CPU
		{EF09F54D-E5CF-432F-A13A-1C479E0A3225}.Debug|Any CPU.Build.0 = Debug|Any CPU
		{EF09F54D-E5CF-432F-A13A-1C479E0A3225}.Release|Any CPU.ActiveCfg = Release|Any CPU
		{EF09F54D-E5CF-432F-A13A-1C479E0A3225}.Release|Any CPU.Build.0 = Release|Any CPU
		{36BB9964-A0BE-488E-AD5F-07949988D095}.Debug|Any CPU.ActiveCfg = Debug|Any CPU
		{36BB9964-A0BE-488E-AD5F-07949988D095}.Debug|Any CPU.Build.0 = Debug|Any CPU
		{36BB9964-A0BE-488E-AD5F-07949988D095}.Release|Any CPU.ActiveCfg = Release|Any CPU
		{36BB9964-A0BE-488E-AD5F-07949988D095}.Release|Any CPU.Build.0 = Release|Any CPU
		{89C35D49-1A5F-4B53-B6E4-7178A3237CE4}.Debug|Any CPU.ActiveCfg = Debug|Any CPU
		{89C35D49-1A5F-4B53-B6E4-7178A3237CE4}.Debug|Any CPU.Build.0 = Debug|Any CPU
		{89C35D49-1A5F-4B53-B6E4-7178A3237CE4}.Release|Any CPU.ActiveCfg = Release|Any CPU
		{89C35D49-1A5F-4B53-B6E4-7178A3237CE4}.Release|Any CPU.Build.0 = Release|Any CPU
		{668446EB-1FA7-41F7-BFFD-8AD8F626FFA3}.Debug|Any CPU.ActiveCfg = Debug|Any CPU
		{668446EB-1FA7-41F7-BFFD-8AD8F626FFA3}.Debug|Any CPU.Build.0 = Debug|Any CPU
		{668446EB-1FA7-41F7-BFFD-8AD8F626FFA3}.Release|Any CPU.ActiveCfg = Release|Any CPU
		{668446EB-1FA7-41F7-BFFD-8AD8F626FFA3}.Release|Any CPU.Build.0 = Release|Any CPU
		{22EF610D-DA1A-4CDF-8EED-FE75B6DD3F06}.Debug|Any CPU.ActiveCfg = Debug|Any CPU
		{22EF610D-DA1A-4CDF-8EED-FE75B6DD3F06}.Debug|Any CPU.Build.0 = Debug|Any CPU
		{22EF610D-DA1A-4CDF-8EED-FE75B6DD3F06}.Release|Any CPU.ActiveCfg = Release|Any CPU
		{22EF610D-DA1A-4CDF-8EED-FE75B6DD3F06}.Release|Any CPU.Build.0 = Release|Any CPU
		{5466D660-4C9C-4628-BCAC-EC6100330A72}.Debug|Any CPU.ActiveCfg = Debug|Any CPU
		{5466D660-4C9C-4628-BCAC-EC6100330A72}.Debug|Any CPU.Build.0 = Debug|Any CPU
		{5466D660-4C9C-4628-BCAC-EC6100330A72}.Release|Any CPU.ActiveCfg = Release|Any CPU
		{5466D660-4C9C-4628-BCAC-EC6100330A72}.Release|Any CPU.Build.0 = Release|Any CPU
		{96684B33-B0B6-4DA7-9035-D65D5377424A}.Debug|Any CPU.ActiveCfg = Debug|Any CPU
		{96684B33-B0B6-4DA7-9035-D65D5377424A}.Debug|Any CPU.Build.0 = Debug|Any CPU
		{96684B33-B0B6-4DA7-9035-D65D5377424A}.Release|Any CPU.ActiveCfg = Release|Any CPU
		{96684B33-B0B6-4DA7-9035-D65D5377424A}.Release|Any CPU.Build.0 = Release|Any CPU
		{08C31522-A3DD-4E31-B83E-6326EEAFD163}.Debug|Any CPU.ActiveCfg = Debug|Any CPU
		{08C31522-A3DD-4E31-B83E-6326EEAFD163}.Debug|Any CPU.Build.0 = Debug|Any CPU
		{08C31522-A3DD-4E31-B83E-6326EEAFD163}.Release|Any CPU.ActiveCfg = Release|Any CPU
		{08C31522-A3DD-4E31-B83E-6326EEAFD163}.Release|Any CPU.Build.0 = Release|Any CPU
		{5A2AD1AB-C78B-402B-A271-7F15D1B9C3A7}.Debug|Any CPU.ActiveCfg = Debug|Any CPU
		{5A2AD1AB-C78B-402B-A271-7F15D1B9C3A7}.Debug|Any CPU.Build.0 = Debug|Any CPU
		{5A2AD1AB-C78B-402B-A271-7F15D1B9C3A7}.Release|Any CPU.ActiveCfg = Release|Any CPU
		{5A2AD1AB-C78B-402B-A271-7F15D1B9C3A7}.Release|Any CPU.Build.0 = Release|Any CPU
	EndGlobalSection
	GlobalSection(NestedProjects) = preSolution
		{9E65080F-92A0-4C47-A93B-A11B3EB41C7F} = {B535501A-CBBA-4DF0-9EAE-1B3DE268481F}
		{53C914F5-17AE-487D-B5D2-D56BC7B1D444} = {B535501A-CBBA-4DF0-9EAE-1B3DE268481F}
		{EF09F54D-E5CF-432F-A13A-1C479E0A3225} = {B535501A-CBBA-4DF0-9EAE-1B3DE268481F}
		{36BB9964-A0BE-488E-AD5F-07949988D095} = {B535501A-CBBA-4DF0-9EAE-1B3DE268481F}
		{89C35D49-1A5F-4B53-B6E4-7178A3237CE4} = {B535501A-CBBA-4DF0-9EAE-1B3DE268481F}
		{668446EB-1FA7-41F7-BFFD-8AD8F626FFA3} = {B535501A-CBBA-4DF0-9EAE-1B3DE268481F}
		{22EF610D-DA1A-4CDF-8EED-FE75B6DD3F06} = {B535501A-CBBA-4DF0-9EAE-1B3DE268481F}
		{5466D660-4C9C-4628-BCAC-EC6100330A72} = {B535501A-CBBA-4DF0-9EAE-1B3DE268481F}
		{96684B33-B0B6-4DA7-9035-D65D5377424A} = {B535501A-CBBA-4DF0-9EAE-1B3DE268481F}
		{08C31522-A3DD-4E31-B83E-6326EEAFD163} = {B535501A-CBBA-4DF0-9EAE-1B3DE268481F}
		{5A2AD1AB-C78B-402B-A271-7F15D1B9C3A7} = {B535501A-CBBA-4DF0-9EAE-1B3DE268481F}
	EndGlobalSection
EndGlobal
